
Microsoft Visual Studio Solution File, Format Version 12.00
# Visual Studio Version 18
VisualStudioVersion = 18.0.11205.157
MinimumVisualStudioVersion = 10.0.40219.1
Project("{9A19103F-16F7-4668-BE54-9A1E7A4F7556}") = "CSharpCodeAnalyst", "CSharpCodeAnalyst\CSharpCodeAnalyst.csproj", "{E445DF38-70F2-4972-9567-6591E1E3C833}"
	ProjectSection(ProjectDependencies) = postProject
		{7D5EA751-84A3-43F1-BCCE-C9D10536AB1B} = {7D5EA751-84A3-43F1-BCCE-C9D10536AB1B}
	EndProjectSection
EndProject
Project("{9A19103F-16F7-4668-BE54-9A1E7A4F7556}") = "CSharpCodeAnalyst.CodeParser", "CSharpCodeAnalyst.CodeParser\CSharpCodeAnalyst.CodeParser.csproj", "{8D89C41C-F2EB-4E54-8297-1A552BEE2396}"
	ProjectSection(ProjectDependencies) = postProject
		{7D5EA751-84A3-43F1-BCCE-C9D10536AB1B} = {7D5EA751-84A3-43F1-BCCE-C9D10536AB1B}
	EndProjectSection
EndProject
Project("{9A19103F-16F7-4668-BE54-9A1E7A4F7556}") = "Tests", "Tests\Tests.csproj", "{F91511F4-5523-4886-BB60-7A8864A621C9}"
	ProjectSection(ProjectDependencies) = postProject
		{7D5EA751-84A3-43F1-BCCE-C9D10536AB1B} = {7D5EA751-84A3-43F1-BCCE-C9D10536AB1B}
		{E445DF38-70F2-4972-9567-6591E1E3C833} = {E445DF38-70F2-4972-9567-6591E1E3C833}
	EndProjectSection
EndProject
Project("{2150E333-8FDC-42A3-9474-1A3956D46DE8}") = "Solution Items", "Solution Items", "{99F15E83-4954-430F-8AD4-2F1AFBE18AB1}"
	ProjectSection(SolutionItems) = preProject
		.editorconfig = .editorconfig
	EndProjectSection
EndProject
Project("{9A19103F-16F7-4668-BE54-9A1E7A4F7556}") = "CSharpCodeAnalyst.CodeGraph", "CSharpCodeAnalyst.CodeGraph\CSharpCodeAnalyst.CodeGraph.csproj", "{7D5EA751-84A3-43F1-BCCE-C9D10536AB1B}"
EndProject
Project("{FAE04EC0-301F-11D3-BF4B-00C04F79EFBC}") = "ApprovalTestTool", "ApprovalTestTool\ApprovalTestTool.csproj", "{767539BE-FBE3-4B46-9A5E-21D60E1B278B}"
EndProject
Project("{FAE04EC0-301F-11D3-BF4B-00C04F79EFBC}") = "CSharpCodeAnalyst.AnalyzerSdk", "CSharpCodeAnalyst.AnalyzerSdk\CSharpCodeAnalyst.AnalyzerSdk.csproj", "{98DF020B-7487-4E52-8BF9-DEC19BB83668}"
EndProject
Project("{FAE04EC0-301F-11D3-BF4B-00C04F79EFBC}") = "CSharpCodeAnalyst.Analyzers", "CSharpCodeAnalyst.Analyzers\CSharpCodeAnalyst.Analyzers.csproj", "{6D1C8D81-45A7-476E-9C06-6920B2739862}"
EndProject
Project("{FAE04EC0-301F-11D3-BF4B-00C04F79EFBC}") = "CSharpCodeAnalyst.TreeMap", "CSharpCodeAnalyst.TreeMap\CSharpCodeAnalyst.TreeMap.csproj", "{C68EF7BF-D1BA-453B-B6B5-1793D12BAB90}"
EndProject
Project("{FAE04EC0-301F-11D3-BF4B-00C04F79EFBC}") = "CSharpCodeAnalyst.History", "CSharpCodeAnalyst.History\CSharpCodeAnalyst.History.csproj", "{6C46CFAE-EDEE-466D-B816-80945AB7F4C3}"
EndProject
Project("{FAE04EC0-301F-11D3-BF4B-00C04F79EFBC}") = "CSharpCodeAnalyst.Contracts", "CSharpCodeAnalyst.Contracts\CSharpCodeAnalyst.Contracts.csproj", "{9DE77B88-294B-45F2-B1A1-6642CC3B4137}"
EndProject
Project("{2150E333-8FDC-42A3-9474-1A3956D46DE8}") = "ThirdParty", "ThirdParty", "{356D9C46-07F5-7F13-4EEF-5DD22B885BE8}"
EndProject
Project("{FAE04EC0-301F-11D3-BF4B-00C04F79EFBC}") = "DsmSuite.Analyzer.Model", "ThirdParty\DsmSuite\DsmSuite.Analyzer.Model\DsmSuite.Analyzer.Model.csproj", "{42652074-77DD-4502-9EF6-D51EBB72A918}"
EndProject
Project("{FAE04EC0-301F-11D3-BF4B-00C04F79EFBC}") = "DsmSuite.Common.Model", "ThirdParty\DsmSuite\DsmSuite.Common.Model\DsmSuite.Common.Model.csproj", "{4F8EA064-AF33-4973-A63A-6984CA7C5DF8}"
EndProject
Project("{FAE04EC0-301F-11D3-BF4B-00C04F79EFBC}") = "DsmSuite.Common.Util", "ThirdParty\DsmSuite\DsmSuite.Common.Util\DsmSuite.Common.Util.csproj", "{FE8B79B8-497F-4939-B07A-6546994DC9EF}"
EndProject
Project("{FAE04EC0-301F-11D3-BF4B-00C04F79EFBC}") = "DsmSuite.DsmViewer.Application", "ThirdParty\DsmSuite\DsmSuite.DsmViewer.Application\DsmSuite.DsmViewer.Application.csproj", "{3C96864B-93C5-4D75-87FC-98D00A84E32F}"
EndProject
Project("{FAE04EC0-301F-11D3-BF4B-00C04F79EFBC}") = "DsmSuite.DsmViewer.Model", "ThirdParty\DsmSuite\DsmSuite.DsmViewer.Model\DsmSuite.DsmViewer.Model.csproj", "{D912F0E9-D8C1-43ED-B3DD-F4413AF366AB}"
EndProject
Project("{FAE04EC0-301F-11D3-BF4B-00C04F79EFBC}") = "DsmSuite.DsmViewer.View", "ThirdParty\DsmSuite\DsmSuite.DsmViewer.View\DsmSuite.DsmViewer.View.csproj", "{9421A097-A4E6-496B-B782-DAB1E819DD0D}"
EndProject
Project("{FAE04EC0-301F-11D3-BF4B-00C04F79EFBC}") = "DsmSuite.DsmViewer.ViewModel", "ThirdParty\DsmSuite\DsmSuite.DsmViewer.ViewModel\DsmSuite.DsmViewer.ViewModel.csproj", "{A9B11DC9-D36F-48DD-87E8-1C6E547EED5E}"
EndProject
Global
	GlobalSection(SolutionConfigurationPlatforms) = preSolution
		Debug|Any CPU = Debug|Any CPU
		Debug|x64 = Debug|x64
		Debug|x86 = Debug|x86
		Release|Any CPU = Release|Any CPU
		Release|x64 = Release|x64
		Release|x86 = Release|x86
	EndGlobalSection
	GlobalSection(ProjectConfigurationPlatforms) = postSolution
		{E445DF38-70F2-4972-9567-6591E1E3C833}.Debug|Any CPU.ActiveCfg = Debug|Any CPU
		{E445DF38-70F2-4972-9567-6591E1E3C833}.Debug|Any CPU.Build.0 = Debug|Any CPU
		{E445DF38-70F2-4972-9567-6591E1E3C833}.Debug|x64.ActiveCfg = Debug|Any CPU
		{E445DF38-70F2-4972-9567-6591E1E3C833}.Debug|x64.Build.0 = Debug|Any CPU
		{E445DF38-70F2-4972-9567-6591E1E3C833}.Debug|x86.ActiveCfg = Debug|Any CPU
		{E445DF38-70F2-4972-9567-6591E1E3C833}.Debug|x86.Build.0 = Debug|Any CPU
		{E445DF38-70F2-4972-9567-6591E1E3C833}.Release|Any CPU.ActiveCfg = Release|Any CPU
		{E445DF38-70F2-4972-9567-6591E1E3C833}.Release|Any CPU.Build.0 = Release|Any CPU
		{E445DF38-70F2-4972-9567-6591E1E3C833}.Release|x64.ActiveCfg = Release|Any CPU
		{E445DF38-70F2-4972-9567-6591E1E3C833}.Release|x64.Build.0 = Release|Any CPU
		{E445DF38-70F2-4972-9567-6591E1E3C833}.Release|x86.ActiveCfg = Release|Any CPU
		{E445DF38-70F2-4972-9567-6591E1E3C833}.Release|x86.Build.0 = Release|Any CPU
		{8D89C41C-F2EB-4E54-8297-1A552BEE2396}.Debug|Any CPU.ActiveCfg = Debug|Any CPU
		{8D89C41C-F2EB-4E54-8297-1A552BEE2396}.Debug|Any CPU.Build.0 = Debug|Any CPU
		{8D89C41C-F2EB-4E54-8297-1A552BEE2396}.Debug|x64.ActiveCfg = Debug|Any CPU
		{8D89C41C-F2EB-4E54-8297-1A552BEE2396}.Debug|x64.Build.0 = Debug|Any CPU
		{8D89C41C-F2EB-4E54-8297-1A552BEE2396}.Debug|x86.ActiveCfg = Debug|Any CPU
		{8D89C41C-F2EB-4E54-8297-1A552BEE2396}.Debug|x86.Build.0 = Debug|Any CPU
		{8D89C41C-F2EB-4E54-8297-1A552BEE2396}.Release|Any CPU.ActiveCfg = Release|Any CPU
		{8D89C41C-F2EB-4E54-8297-1A552BEE2396}.Release|Any CPU.Build.0 = Release|Any CPU
		{8D89C41C-F2EB-4E54-8297-1A552BEE2396}.Release|x64.ActiveCfg = Release|Any CPU
		{8D89C41C-F2EB-4E54-8297-1A552BEE2396}.Release|x64.Build.0 = Release|Any CPU
		{8D89C41C-F2EB-4E54-8297-1A552BEE2396}.Release|x86.ActiveCfg = Release|Any CPU
		{8D89C41C-F2EB-4E54-8297-1A552BEE2396}.Release|x86.Build.0 = Release|Any CPU
		{F91511F4-5523-4886-BB60-7A8864A621C9}.Debug|Any CPU.ActiveCfg = Debug|Any CPU
		{F91511F4-5523-4886-BB60-7A8864A621C9}.Debug|Any CPU.Build.0 = Debug|Any CPU
		{F91511F4-5523-4886-BB60-7A8864A621C9}.Debug|x64.ActiveCfg = Debug|Any CPU
		{F91511F4-5523-4886-BB60-7A8864A621C9}.Debug|x64.Build.0 = Debug|Any CPU
		{F91511F4-5523-4886-BB60-7A8864A621C9}.Debug|x86.ActiveCfg = Debug|Any CPU
		{F91511F4-5523-4886-BB60-7A8864A621C9}.Debug|x86.Build.0 = Debug|Any CPU
		{F91511F4-5523-4886-BB60-7A8864A621C9}.Release|Any CPU.ActiveCfg = Release|Any CPU
		{F91511F4-5523-4886-BB60-7A8864A621C9}.Release|Any CPU.Build.0 = Release|Any CPU
		{F91511F4-5523-4886-BB60-7A8864A621C9}.Release|x64.ActiveCfg = Release|Any CPU
		{F91511F4-5523-4886-BB60-7A8864A621C9}.Release|x64.Build.0 = Release|Any CPU
		{F91511F4-5523-4886-BB60-7A8864A621C9}.Release|x86.ActiveCfg = Release|Any CPU
		{F91511F4-5523-4886-BB60-7A8864A621C9}.Release|x86.Build.0 = Release|Any CPU
		{7D5EA751-84A3-43F1-BCCE-C9D10536AB1B}.Debug|Any CPU.ActiveCfg = Debug|Any CPU
		{7D5EA751-84A3-43F1-BCCE-C9D10536AB1B}.Debug|Any CPU.Build.0 = Debug|Any CPU
		{7D5EA751-84A3-43F1-BCCE-C9D10536AB1B}.Debug|x64.ActiveCfg = Debug|Any CPU
		{7D5EA751-84A3-43F1-BCCE-C9D10536AB1B}.Debug|x64.Build.0 = Debug|Any CPU
		{7D5EA751-84A3-43F1-BCCE-C9D10536AB1B}.Debug|x86.ActiveCfg = Debug|Any CPU
		{7D5EA751-84A3-43F1-BCCE-C9D10536AB1B}.Debug|x86.Build.0 = Debug|Any CPU
		{7D5EA751-84A3-43F1-BCCE-C9D10536AB1B}.Release|Any CPU.ActiveCfg = Release|Any CPU
		{7D5EA751-84A3-43F1-BCCE-C9D10536AB1B}.Release|Any CPU.Build.0 = Release|Any CPU
		{7D5EA751-84A3-43F1-BCCE-C9D10536AB1B}.Release|x64.ActiveCfg = Release|Any CPU
		{7D5EA751-84A3-43F1-BCCE-C9D10536AB1B}.Release|x64.Build.0 = Release|Any CPU
		{7D5EA751-84A3-43F1-BCCE-C9D10536AB1B}.Release|x86.ActiveCfg = Release|Any CPU
		{7D5EA751-84A3-43F1-BCCE-C9D10536AB1B}.Release|x86.Build.0 = Release|Any CPU
		{767539BE-FBE3-4B46-9A5E-21D60E1B278B}.Debug|Any CPU.ActiveCfg = Debug|Any CPU
		{767539BE-FBE3-4B46-9A5E-21D60E1B278B}.Debug|Any CPU.Build.0 = Debug|Any CPU
		{767539BE-FBE3-4B46-9A5E-21D60E1B278B}.Debug|x64.ActiveCfg = Debug|Any CPU
		{767539BE-FBE3-4B46-9A5E-21D60E1B278B}.Debug|x64.Build.0 = Debug|Any CPU
		{767539BE-FBE3-4B46-9A5E-21D60E1B278B}.Debug|x86.ActiveCfg = Debug|Any CPU
		{767539BE-FBE3-4B46-9A5E-21D60E1B278B}.Debug|x86.Build.0 = Debug|Any CPU
		{767539BE-FBE3-4B46-9A5E-21D60E1B278B}.Release|Any CPU.ActiveCfg = Release|Any CPU
		{767539BE-FBE3-4B46-9A5E-21D60E1B278B}.Release|Any CPU.Build.0 = Release|Any CPU
		{767539BE-FBE3-4B46-9A5E-21D60E1B278B}.Release|x64.ActiveCfg = Release|Any CPU
		{767539BE-FBE3-4B46-9A5E-21D60E1B278B}.Release|x64.Build.0 = Release|Any CPU
		{767539BE-FBE3-4B46-9A5E-21D60E1B278B}.Release|x86.ActiveCfg = Release|Any CPU
		{767539BE-FBE3-4B46-9A5E-21D60E1B278B}.Release|x86.Build.0 = Release|Any CPU
		{98DF020B-7487-4E52-8BF9-DEC19BB83668}.Debug|Any CPU.ActiveCfg = Debug|Any CPU
		{98DF020B-7487-4E52-8BF9-DEC19BB83668}.Debug|Any CPU.Build.0 = Debug|Any CPU
		{98DF020B-7487-4E52-8BF9-DEC19BB83668}.Debug|x64.ActiveCfg = Debug|Any CPU
		{98DF020B-7487-4E52-8BF9-DEC19BB83668}.Debug|x64.Build.0 = Debug|Any CPU
		{98DF020B-7487-4E52-8BF9-DEC19BB83668}.Debug|x86.ActiveCfg = Debug|Any CPU
		{98DF020B-7487-4E52-8BF9-DEC19BB83668}.Debug|x86.Build.0 = Debug|Any CPU
		{98DF020B-7487-4E52-8BF9-DEC19BB83668}.Release|Any CPU.ActiveCfg = Release|Any CPU
		{98DF020B-7487-4E52-8BF9-DEC19BB83668}.Release|Any CPU.Build.0 = Release|Any CPU
		{98DF020B-7487-4E52-8BF9-DEC19BB83668}.Release|x64.ActiveCfg = Release|Any CPU
		{98DF020B-7487-4E52-8BF9-DEC19BB83668}.Release|x64.Build.0 = Release|Any CPU
		{98DF020B-7487-4E52-8BF9-DEC19BB83668}.Release|x86.ActiveCfg = Release|Any CPU
		{98DF020B-7487-4E52-8BF9-DEC19BB83668}.Release|x86.Build.0 = Release|Any CPU
		{6D1C8D81-45A7-476E-9C06-6920B2739862}.Debug|Any CPU.ActiveCfg = Debug|Any CPU
		{6D1C8D81-45A7-476E-9C06-6920B2739862}.Debug|Any CPU.Build.0 = Debug|Any CPU
		{6D1C8D81-45A7-476E-9C06-6920B2739862}.Debug|x64.ActiveCfg = Debug|Any CPU
		{6D1C8D81-45A7-476E-9C06-6920B2739862}.Debug|x64.Build.0 = Debug|Any CPU
		{6D1C8D81-45A7-476E-9C06-6920B2739862}.Debug|x86.ActiveCfg = Debug|Any CPU
		{6D1C8D81-45A7-476E-9C06-6920B2739862}.Debug|x86.Build.0 = Debug|Any CPU
		{6D1C8D81-45A7-476E-9C06-6920B2739862}.Release|Any CPU.ActiveCfg = Release|Any CPU
		{6D1C8D81-45A7-476E-9C06-6920B2739862}.Release|Any CPU.Build.0 = Release|Any CPU
		{6D1C8D81-45A7-476E-9C06-6920B2739862}.Release|x64.ActiveCfg = Release|Any CPU
		{6D1C8D81-45A7-476E-9C06-6920B2739862}.Release|x64.Build.0 = Release|Any CPU
		{6D1C8D81-45A7-476E-9C06-6920B2739862}.Release|x86.ActiveCfg = Release|Any CPU
		{6D1C8D81-45A7-476E-9C06-6920B2739862}.Release|x86.Build.0 = Release|Any CPU
		{C68EF7BF-D1BA-453B-B6B5-1793D12BAB90}.Debug|Any CPU.ActiveCfg = Debug|Any CPU
		{C68EF7BF-D1BA-453B-B6B5-1793D12BAB90}.Debug|Any CPU.Build.0 = Debug|Any CPU
		{C68EF7BF-D1BA-453B-B6B5-1793D12BAB90}.Debug|x64.ActiveCfg = Debug|Any CPU
		{C68EF7BF-D1BA-453B-B6B5-1793D12BAB90}.Debug|x64.Build.0 = Debug|Any CPU
		{C68EF7BF-D1BA-453B-B6B5-1793D12BAB90}.Debug|x86.ActiveCfg = Debug|Any CPU
		{C68EF7BF-D1BA-453B-B6B5-1793D12BAB90}.Debug|x86.Build.0 = Debug|Any CPU
		{C68EF7BF-D1BA-453B-B6B5-1793D12BAB90}.Release|Any CPU.ActiveCfg = Release|Any CPU
		{C68EF7BF-D1BA-453B-B6B5-1793D12BAB90}.Release|Any CPU.Build.0 = Release|Any CPU
		{C68EF7BF-D1BA-453B-B6B5-1793D12BAB90}.Release|x64.ActiveCfg = Release|Any CPU
		{C68EF7BF-D1BA-453B-B6B5-1793D12BAB90}.Release|x64.Build.0 = Release|Any CPU
		{C68EF7BF-D1BA-453B-B6B5-1793D12BAB90}.Release|x86.ActiveCfg = Release|Any CPU
		{C68EF7BF-D1BA-453B-B6B5-1793D12BAB90}.Release|x86.Build.0 = Release|Any CPU
		{6C46CFAE-EDEE-466D-B816-80945AB7F4C3}.Debug|Any CPU.ActiveCfg = Debug|Any CPU
		{6C46CFAE-EDEE-466D-B816-80945AB7F4C3}.Debug|Any CPU.Build.0 = Debug|Any CPU
		{6C46CFAE-EDEE-466D-B816-80945AB7F4C3}.Debug|x64.ActiveCfg = Debug|Any CPU
		{6C46CFAE-EDEE-466D-B816-80945AB7F4C3}.Debug|x64.Build.0 = Debug|Any CPU
		{6C46CFAE-EDEE-466D-B816-80945AB7F4C3}.Debug|x86.ActiveCfg = Debug|Any CPU
		{6C46CFAE-EDEE-466D-B816-80945AB7F4C3}.Debug|x86.Build.0 = Debug|Any CPU
		{6C46CFAE-EDEE-466D-B816-80945AB7F4C3}.Release|Any CPU.ActiveCfg = Release|Any CPU
		{6C46CFAE-EDEE-466D-B816-80945AB7F4C3}.Release|Any CPU.Build.0 = Release|Any CPU
		{6C46CFAE-EDEE-466D-B816-80945AB7F4C3}.Release|x64.ActiveCfg = Release|Any CPU
		{6C46CFAE-EDEE-466D-B816-80945AB7F4C3}.Release|x64.Build.0 = Release|Any CPU
		{6C46CFAE-EDEE-466D-B816-80945AB7F4C3}.Release|x86.ActiveCfg = Release|Any CPU
		{6C46CFAE-EDEE-466D-B816-80945AB7F4C3}.Release|x86.Build.0 = Release|Any CPU
		{9DE77B88-294B-45F2-B1A1-6642CC3B4137}.Debug|Any CPU.ActiveCfg = Debug|Any CPU
		{9DE77B88-294B-45F2-B1A1-6642CC3B4137}.Debug|Any CPU.Build.0 = Debug|Any CPU
		{9DE77B88-294B-45F2-B1A1-6642CC3B4137}.Debug|x64.ActiveCfg = Debug|Any CPU
		{9DE77B88-294B-45F2-B1A1-6642CC3B4137}.Debug|x64.Build.0 = Debug|Any CPU
		{9DE77B88-294B-45F2-B1A1-6642CC3B4137}.Debug|x86.ActiveCfg = Debug|Any CPU
		{9DE77B88-294B-45F2-B1A1-6642CC3B4137}.Debug|x86.Build.0 = Debug|Any CPU
		{9DE77B88-294B-45F2-B1A1-6642CC3B4137}.Release|Any CPU.ActiveCfg = Release|Any CPU
		{9DE77B88-294B-45F2-B1A1-6642CC3B4137}.Release|Any CPU.Build.0 = Release|Any CPU
		{9DE77B88-294B-45F2-B1A1-6642CC3B4137}.Release|x64.ActiveCfg = Release|Any CPU
		{9DE77B88-294B-45F2-B1A1-6642CC3B4137}.Release|x64.Build.0 = Release|Any CPU
		{9DE77B88-294B-45F2-B1A1-6642CC3B4137}.Release|x86.ActiveCfg = Release|Any CPU
		{9DE77B88-294B-45F2-B1A1-6642CC3B4137}.Release|x86.Build.0 = Release|Any CPU
		{42652074-77DD-4502-9EF6-D51EBB72A918}.Debug|Any CPU.ActiveCfg = Debug|Any CPU
		{42652074-77DD-4502-9EF6-D51EBB72A918}.Debug|Any CPU.Build.0 = Debug|Any CPU
		{42652074-77DD-4502-9EF6-D51EBB72A918}.Debug|x64.ActiveCfg = Debug|Any CPU
		{42652074-77DD-4502-9EF6-D51EBB72A918}.Debug|x64.Build.0 = Debug|Any CPU
		{42652074-77DD-4502-9EF6-D51EBB72A918}.Debug|x86.ActiveCfg = Debug|Any CPU
		{42652074-77DD-4502-9EF6-D51EBB72A918}.Debug|x86.Build.0 = Debug|Any CPU
		{42652074-77DD-4502-9EF6-D51EBB72A918}.Release|Any CPU.ActiveCfg = Release|Any CPU
		{42652074-77DD-4502-9EF6-D51EBB72A918}.Release|Any CPU.Build.0 = Release|Any CPU
		{42652074-77DD-4502-9EF6-D51EBB72A918}.Release|x64.ActiveCfg = Release|Any CPU
		{42652074-77DD-4502-9EF6-D51EBB72A918}.Release|x64.Build.0 = Release|Any CPU
		{42652074-77DD-4502-9EF6-D51EBB72A918}.Release|x86.ActiveCfg = Release|Any CPU
		{42652074-77DD-4502-9EF6-D51EBB72A918}.Release|x86.Build.0 = Release|Any CPU
		{4F8EA064-AF33-4973-A63A-6984CA7C5DF8}.Debug|Any CPU.ActiveCfg = Debug|Any CPU
		{4F8EA064-AF33-4973-A63A-6984CA7C5DF8}.Debug|Any CPU.Build.0 = Debug|Any CPU
		{4F8EA064-AF33-4973-A63A-6984CA7C5DF8}.Debug|x64.ActiveCfg = Debug|Any CPU
		{4F8EA064-AF33-4973-A63A-6984CA7C5DF8}.Debug|x64.Build.0 = Debug|Any CPU
		{4F8EA064-AF33-4973-A63A-6984CA7C5DF8}.Debug|x86.ActiveCfg = Debug|Any CPU
		{4F8EA064-AF33-4973-A63A-6984CA7C5DF8}.Debug|x86.Build.0 = Debug|Any CPU
		{4F8EA064-AF33-4973-A63A-6984CA7C5DF8}.Release|Any CPU.ActiveCfg = Release|Any CPU
		{4F8EA064-AF33-4973-A63A-6984CA7C5DF8}.Release|Any CPU.Build.0 = Release|Any CPU
		{4F8EA064-AF33-4973-A63A-6984CA7C5DF8}.Release|x64.ActiveCfg = Release|Any CPU
		{4F8EA064-AF33-4973-A63A-6984CA7C5DF8}.Release|x64.Build.0 = Release|Any CPU
		{4F8EA064-AF33-4973-A63A-6984CA7C5DF8}.Release|x86.ActiveCfg = Release|Any CPU
		{4F8EA064-AF33-4973-A63A-6984CA7C5DF8}.Release|x86.Build.0 = Release|Any CPU
		{FE8B79B8-497F-4939-B07A-6546994DC9EF}.Debug|Any CPU.ActiveCfg = Debug|Any CPU
		{FE8B79B8-497F-4939-B07A-6546994DC9EF}.Debug|Any CPU.Build.0 = Debug|Any CPU
		{FE8B79B8-497F-4939-B07A-6546994DC9EF}.Debug|x64.ActiveCfg = Debug|Any CPU
		{FE8B79B8-497F-4939-B07A-6546994DC9EF}.Debug|x64.Build.0 = Debug|Any CPU
		{FE8B79B8-497F-4939-B07A-6546994DC9EF}.Debug|x86.ActiveCfg = Debug|Any CPU
		{FE8B79B8-497F-4939-B07A-6546994DC9EF}.Debug|x86.Build.0 = Debug|Any CPU
		{FE8B79B8-497F-4939-B07A-6546994DC9EF}.Release|Any CPU.ActiveCfg = Release|Any CPU
		{FE8B79B8-497F-4939-B07A-6546994DC9EF}.Release|Any CPU.Build.0 = Release|Any CPU
		{FE8B79B8-497F-4939-B07A-6546994DC9EF}.Release|x64.ActiveCfg = Release|Any CPU
		{FE8B79B8-497F-4939-B07A-6546994DC9EF}.Release|x64.Build.0 = Release|Any CPU
		{FE8B79B8-497F-4939-B07A-6546994DC9EF}.Release|x86.ActiveCfg = Release|Any CPU
		{FE8B79B8-497F-4939-B07A-6546994DC9EF}.Release|x86.Build.0 = Release|Any CPU
		{3C96864B-93C5-4D75-87FC-98D00A84E32F}.Debug|Any CPU.ActiveCfg = Debug|Any CPU
		{3C96864B-93C5-4D75-87FC-98D00A84E32F}.Debug|Any CPU.Build.0 = Debug|Any CPU
		{3C96864B-93C5-4D75-87FC-98D00A84E32F}.Debug|x64.ActiveCfg = Debug|Any CPU
		{3C96864B-93C5-4D75-87FC-98D00A84E32F}.Debug|x64.Build.0 = Debug|Any CPU
		{3C96864B-93C5-4D75-87FC-98D00A84E32F}.Debug|x86.ActiveCfg = Debug|Any CPU
		{3C96864B-93C5-4D75-87FC-98D00A84E32F}.Debug|x86.Build.0 = Debug|Any CPU
		{3C96864B-93C5-4D75-87FC-98D00A84E32F}.Release|Any CPU.ActiveCfg = Release|Any CPU
		{3C96864B-93C5-4D75-87FC-98D00A84E32F}.Release|Any CPU.Build.0 = Release|Any CPU
		{3C96864B-93C5-4D75-87FC-98D00A84E32F}.Release|x64.ActiveCfg = Release|Any CPU
		{3C96864B-93C5-4D75-87FC-98D00A84E32F}.Release|x64.Build.0 = Release|Any CPU
		{3C96864B-93C5-4D75-87FC-98D00A84E32F}.Release|x86.ActiveCfg = Release|Any CPU
		{3C96864B-93C5-4D75-87FC-98D00A84E32F}.Release|x86.Build.0 = Release|Any CPU
		{D912F0E9-D8C1-43ED-B3DD-F4413AF366AB}.Debug|Any CPU.ActiveCfg = Debug|Any CPU
		{D912F0E9-D8C1-43ED-B3DD-F4413AF366AB}.Debug|Any CPU.Build.0 = Debug|Any CPU
		{D912F0E9-D8C1-43ED-B3DD-F4413AF366AB}.Debug|x64.ActiveCfg = Debug|Any CPU
		{D912F0E9-D8C1-43ED-B3DD-F4413AF366AB}.Debug|x64.Build.0 = Debug|Any CPU
		{D912F0E9-D8C1-43ED-B3DD-F4413AF366AB}.Debug|x86.ActiveCfg = Debug|Any CPU
		{D912F0E9-D8C1-43ED-B3DD-F4413AF366AB}.Debug|x86.Build.0 = Debug|Any CPU
		{D912F0E9-D8C1-43ED-B3DD-F4413AF366AB}.Release|Any CPU.ActiveCfg = Release|Any CPU
		{D912F0E9-D8C1-43ED-B3DD-F4413AF366AB}.Release|Any CPU.Build.0 = Release|Any CPU
		{D912F0E9-D8C1-43ED-B3DD-F4413AF366AB}.Release|x64.ActiveCfg = Release|Any CPU
		{D912F0E9-D8C1-43ED-B3DD-F4413AF366AB}.Release|x64.Build.0 = Release|Any CPU
		{D912F0E9-D8C1-43ED-B3DD-F4413AF366AB}.Release|x86.ActiveCfg = Release|Any CPU
		{D912F0E9-D8C1-43ED-B3DD-F4413AF366AB}.Release|x86.Build.0 = Release|Any CPU
		{9421A097-A4E6-496B-B782-DAB1E819DD0D}.Debug|Any CPU.ActiveCfg = Debug|Any CPU
		{9421A097-A4E6-496B-B782-DAB1E819DD0D}.Debug|Any CPU.Build.0 = Debug|Any CPU
		{9421A097-A4E6-496B-B782-DAB1E819DD0D}.Debug|x64.ActiveCfg = Debug|Any CPU
		{9421A097-A4E6-496B-B782-DAB1E819DD0D}.Debug|x64.Build.0 = Debug|Any CPU
		{9421A097-A4E6-496B-B782-DAB1E819DD0D}.Debug|x86.ActiveCfg = Debug|Any CPU
		{9421A097-A4E6-496B-B782-DAB1E819DD0D}.Debug|x86.Build.0 = Debug|Any CPU
		{9421A097-A4E6-496B-B782-DAB1E819DD0D}.Release|Any CPU.ActiveCfg = Release|Any CPU
		{9421A097-A4E6-496B-B782-DAB1E819DD0D}.Release|Any CPU.Build.0 = Release|Any CPU
		{9421A097-A4E6-496B-B782-DAB1E819DD0D}.Release|x64.ActiveCfg = Release|Any CPU
		{9421A097-A4E6-496B-B782-DAB1E819DD0D}.Release|x64.Build.0 = Release|Any CPU
		{9421A097-A4E6-496B-B782-DAB1E819DD0D}.Release|x86.ActiveCfg = Release|Any CPU
		{9421A097-A4E6-496B-B782-DAB1E819DD0D}.Release|x86.Build.0 = Release|Any CPU
		{A9B11DC9-D36F-48DD-87E8-1C6E547EED5E}.Debug|Any CPU.ActiveCfg = Debug|Any CPU
		{A9B11DC9-D36F-48DD-87E8-1C6E547EED5E}.Debug|Any CPU.Build.0 = Debug|Any CPU
		{A9B11DC9-D36F-48DD-87E8-1C6E547EED5E}.Debug|x64.ActiveCfg = Debug|Any CPU
		{A9B11DC9-D36F-48DD-87E8-1C6E547EED5E}.Debug|x64.Build.0 = Debug|Any CPU
		{A9B11DC9-D36F-48DD-87E8-1C6E547EED5E}.Debug|x86.ActiveCfg = Debug|Any CPU
		{A9B11DC9-D36F-48DD-87E8-1C6E547EED5E}.Debug|x86.Build.0 = Debug|Any CPU
		{A9B11DC9-D36F-48DD-87E8-1C6E547EED5E}.Release|Any CPU.ActiveCfg = Release|Any CPU
		{A9B11DC9-D36F-48DD-87E8-1C6E547EED5E}.Release|Any CPU.Build.0 = Release|Any CPU
		{A9B11DC9-D36F-48DD-87E8-1C6E547EED5E}.Release|x64.ActiveCfg = Release|Any CPU
		{A9B11DC9-D36F-48DD-87E8-1C6E547EED5E}.Release|x64.Build.0 = Release|Any CPU
		{A9B11DC9-D36F-48DD-87E8-1C6E547EED5E}.Release|x86.ActiveCfg = Release|Any CPU
		{A9B11DC9-D36F-48DD-87E8-1C6E547EED5E}.Release|x86.Build.0 = Release|Any CPU
	EndGlobalSection
	GlobalSection(SolutionProperties) = preSolution
		HideSolutionNode = FALSE
	EndGlobalSection
	GlobalSection(NestedProjects) = preSolution
		{42652074-77DD-4502-9EF6-D51EBB72A918} = {356D9C46-07F5-7F13-4EEF-5DD22B885BE8}
		{4F8EA064-AF33-4973-A63A-6984CA7C5DF8} = {356D9C46-07F5-7F13-4EEF-5DD22B885BE8}
		{FE8B79B8-497F-4939-B07A-6546994DC9EF} = {356D9C46-07F5-7F13-4EEF-5DD22B885BE8}
		{3C96864B-93C5-4D75-87FC-98D00A84E32F} = {356D9C46-07F5-7F13-4EEF-5DD22B885BE8}
		{D912F0E9-D8C1-43ED-B3DD-F4413AF366AB} = {356D9C46-07F5-7F13-4EEF-5DD22B885BE8}
		{9421A097-A4E6-496B-B782-DAB1E819DD0D} = {356D9C46-07F5-7F13-4EEF-5DD22B885BE8}
		{A9B11DC9-D36F-48DD-87E8-1C6E547EED5E} = {356D9C46-07F5-7F13-4EEF-5DD22B885BE8}
	EndGlobalSection
	GlobalSection(ExtensibilityGlobals) = postSolution
		SolutionGuid = {2BBCF792-C019-4195-AF08-45CC642B8A18}
	EndGlobalSection
EndGlobal
