
Microsoft Visual Studio Solution File, Format Version 12.00
# Visual Studio Version 17
VisualStudioVersion = 17.0.31903.59
MinimumVisualStudioVersion = 10.0.40219.1
Project("{FAE04EC0-301F-11D3-BF4B-00C04F79EFBC}") = "SourceGenerated", "SourceGenerated\SourceGenerated.csproj", "{2F9B4E1D-7C63-4A5B-9F2E-8D1A6C3B5E70}"
EndProject
Global
	GlobalSection(SolutionConfigurationPlatforms) = preSolution
		Debug|Any CPU = Debug|Any CPU
		Release|Any CPU = Release|Any CPU
	EndGlobalSection
	GlobalSection(ProjectConfigurationPlatforms) = postSolution
		{2F9B4E1D-7C63-4A5B-9F2E-8D1A6C3B5E70}.Debug|Any CPU.ActiveCfg = Debug|Any CPU
		{2F9B4E1D-7C63-4A5B-9F2E-8D1A6C3B5E70}.Debug|Any CPU.Build.0 = Debug|Any CPU
		{2F9B4E1D-7C63-4A5B-9F2E-8D1A6C3B5E70}.Release|Any CPU.ActiveCfg = Release|Any CPU
		{2F9B4E1D-7C63-4A5B-9F2E-8D1A6C3B5E70}.Release|Any CPU.Build.0 = Release|Any CPU
	EndGlobalSection
EndGlobal
