
Microsoft Visual Studio Solution File, Format Version 12.00
# Visual Studio Version 17
VisualStudioVersion = 17.0.31903.59
MinimumVisualStudioVersion = 10.0.40219.1
Project("{FAE04EC0-301F-11D3-BF4B-00C04F79EFBC}") = "ModuleLevel0", "ModuleLevel0\ModuleLevel0.csproj", "{BC8F24AB-179C-BF5E-C2E9-C8D546C1D22A}"
EndProject
Project("{FAE04EC0-301F-11D3-BF4B-00C04F79EFBC}") = "ModuleLevel1", "ModuleLevel1\ModuleLevel1.csproj", "{B6732D0D-D731-0AD6-1088-FD3CC5416250}"
EndProject
Project("{FAE04EC0-301F-11D3-BF4B-00C04F79EFBC}") = "ModuleLevel2", "ModuleLevel2\ModuleLevel2.csproj", "{3908B684-6CB1-3708-08C1-469A2566B717}"
EndProject
Project("{FAE04EC0-301F-11D3-BF4B-00C04F79EFBC}") = "Old.CSharpLanguage", "Old.CSharpLanguage\Old.CSharpLanguage.csproj", "{900B9098-058E-5A0C-DC51-9E5D2DFFABDB}"
EndProject
Global
	GlobalSection(SolutionConfigurationPlatforms) = preSolution
		Debug|Any CPU = Debug|Any CPU
		Release|Any CPU = Release|Any CPU
	EndGlobalSection
	GlobalSection(ProjectConfigurationPlatforms) = postSolution
		{BC8F24AB-179C-BF5E-C2E9-C8D546C1D22A}.Debug|Any CPU.ActiveCfg = Debug|Any CPU
		{BC8F24AB-179C-BF5E-C2E9-C8D546C1D22A}.Debug|Any CPU.Build.0 = Debug|Any CPU
		{BC8F24AB-179C-BF5E-C2E9-C8D546C1D22A}.Release|Any CPU.ActiveCfg = Release|Any CPU
		{BC8F24AB-179C-BF5E-C2E9-C8D546C1D22A}.Release|Any CPU.Build.0 = Release|Any CPU
		{B6732D0D-D731-0AD6-1088-FD3CC5416250}.Debug|Any CPU.ActiveCfg = Debug|Any CPU
		{B6732D0D-D731-0AD6-1088-FD3CC5416250}.Debug|Any CPU.Build.0 = Debug|Any CPU
		{B6732D0D-D731-0AD6-1088-FD3CC5416250}.Release|Any CPU.ActiveCfg = Release|Any CPU
		{B6732D0D-D731-0AD6-1088-FD3CC5416250}.Release|Any CPU.Build.0 = Release|Any CPU
		{3908B684-6CB1-3708-08C1-469A2566B717}.Debug|Any CPU.ActiveCfg = Debug|Any CPU
		{3908B684-6CB1-3708-08C1-469A2566B717}.Debug|Any CPU.Build.0 = Debug|Any CPU
		{3908B684-6CB1-3708-08C1-469A2566B717}.Release|Any CPU.ActiveCfg = Release|Any CPU
		{3908B684-6CB1-3708-08C1-469A2566B717}.Release|Any CPU.Build.0 = Release|Any CPU
		{900B9098-058E-5A0C-DC51-9E5D2DFFABDB}.Debug|Any CPU.ActiveCfg = Debug|Any CPU
		{900B9098-058E-5A0C-DC51-9E5D2DFFABDB}.Debug|Any CPU.Build.0 = Debug|Any CPU
		{900B9098-058E-5A0C-DC51-9E5D2DFFABDB}.Release|Any CPU.ActiveCfg = Release|Any CPU
		{900B9098-058E-5A0C-DC51-9E5D2DFFABDB}.Release|Any CPU.Build.0 = Release|Any CPU
	EndGlobalSection
	GlobalSection(SolutionProperties) = preSolution
		HideSolutionNode = FALSE
	EndGlobalSection
	GlobalSection(ExtensibilityGlobals) = postSolution
		SolutionGuid = {8556F867-665D-49E6-8432-995F691F22A4}
	EndGlobalSection
EndGlobal
