
Microsoft Visual Studio Solution File, Format Version 12.00
# Visual Studio Version 17
VisualStudioVersion = 17.10.34928.147
MinimumVisualStudioVersion = 10.0.40219.1
Project("{9A19103F-16F7-4668-BE54-9A1E7A4F7556}") = "ModuleLevel0", "ModuleLevel0\ModuleLevel0.csproj", "{EF6553A5-8B39-476E-825B-16D4C31B40E9}"
EndProject
Project("{9A19103F-16F7-4668-BE54-9A1E7A4F7556}") = "ModuleLevel1", "ModuleLevel1\ModuleLevel1.csproj", "{2D5F4A26-50A5-47BF-99F7-AFC5C5A531FD}"
EndProject
Project("{9A19103F-16F7-4668-BE54-9A1E7A4F7556}") = "ModuleLevel2", "ModuleLevel2\ModuleLevel2.csproj", "{57AC5785-A9AC-4618-BF62-257838896BE6}"
EndProject
Project("{9A19103F-16F7-4668-BE54-9A1E7A4F7556}") = "CSharpLanguage", "CSharpLanguage\CSharpLanguage.csproj", "{B92487CE-A4A4-4D84-99A2-8D55B4B34D43}"
EndProject
Project("{FAE04EC0-301F-11D3-BF4B-00C04F79EFBC}") = "Cycles", "Cycles\Cycles.csproj", "{7C09145F-9AD9-4D68-AC00-60F36EF270AD}"
EndProject
Global
	GlobalSection(SolutionConfigurationPlatforms) = preSolution
		Debug|Any CPU = Debug|Any CPU
		Release|Any CPU = Release|Any CPU
	EndGlobalSection
	GlobalSection(ProjectConfigurationPlatforms) = postSolution
		{EF6553A5-8B39-476E-825B-16D4C31B40E9}.Debug|Any CPU.ActiveCfg = Debug|Any CPU
		{EF6553A5-8B39-476E-825B-16D4C31B40E9}.Debug|Any CPU.Build.0 = Debug|Any CPU
		{EF6553A5-8B39-476E-825B-16D4C31B40E9}.Release|Any CPU.ActiveCfg = Release|Any CPU
		{EF6553A5-8B39-476E-825B-16D4C31B40E9}.Release|Any CPU.Build.0 = Release|Any CPU
		{2D5F4A26-50A5-47BF-99F7-AFC5C5A531FD}.Debug|Any CPU.ActiveCfg = Debug|Any CPU
		{2D5F4A26-50A5-47BF-99F7-AFC5C5A531FD}.Debug|Any CPU.Build.0 = Debug|Any CPU
		{2D5F4A26-50A5-47BF-99F7-AFC5C5A531FD}.Release|Any CPU.ActiveCfg = Release|Any CPU
		{2D5F4A26-50A5-47BF-99F7-AFC5C5A531FD}.Release|Any CPU.Build.0 = Release|Any CPU
		{57AC5785-A9AC-4618-BF62-257838896BE6}.Debug|Any CPU.ActiveCfg = Debug|Any CPU
		{57AC5785-A9AC-4618-BF62-257838896BE6}.Debug|Any CPU.Build.0 = Debug|Any CPU
		{57AC5785-A9AC-4618-BF62-257838896BE6}.Release|Any CPU.ActiveCfg = Release|Any CPU
		{57AC5785-A9AC-4618-BF62-257838896BE6}.Release|Any CPU.Build.0 = Release|Any CPU
		{B92487CE-A4A4-4D84-99A2-8D55B4B34D43}.Debug|Any CPU.ActiveCfg = Debug|Any CPU
		{B92487CE-A4A4-4D84-99A2-8D55B4B34D43}.Debug|Any CPU.Build.0 = Debug|Any CPU
		{B92487CE-A4A4-4D84-99A2-8D55B4B34D43}.Release|Any CPU.ActiveCfg = Release|Any CPU
		{B92487CE-A4A4-4D84-99A2-8D55B4B34D43}.Release|Any CPU.Build.0 = Release|Any CPU
		{7C09145F-9AD9-4D68-AC00-60F36EF270AD}.Debug|Any CPU.ActiveCfg = Debug|Any CPU
		{7C09145F-9AD9-4D68-AC00-60F36EF270AD}.Debug|Any CPU.Build.0 = Debug|Any CPU
		{7C09145F-9AD9-4D68-AC00-60F36EF270AD}.Release|Any CPU.ActiveCfg = Release|Any CPU
		{7C09145F-9AD9-4D68-AC00-60F36EF270AD}.Release|Any CPU.Build.0 = Release|Any CPU
	EndGlobalSection
	GlobalSection(SolutionProperties) = preSolution
		HideSolutionNode = FALSE
	EndGlobalSection
	GlobalSection(ExtensibilityGlobals) = postSolution
		SolutionGuid = {09437252-78FC-4681-B92D-5F2FC6FF353D}
	EndGlobalSection
EndGlobal
